<?xml version="1.0" encoding="utf-8"?>
<Project ToolsVersion="4.0" xmlns="http://schemas.microsoft.com/developer/msbuild/2003">
  <ItemGroup>
    <Filter Include="소스 파일">
      <UniqueIdentifier>{4FC737F1-C7A5-4376-A066-2A32D752A2FF}</UniqueIdentifier>
      <Extensions>cpp;c;cc;cxx;c++;cppm;ixx;def;odl;idl;hpj;bat;asm;asmx</Extensions>
    </Filter>
    <Filter Include="헤더 파일">
      <UniqueIdentifier>{93995380-89BD-4b04-88EB-625FBE52EBFB}</UniqueIdentifier>
      <Extensions>h;hh;hpp;hxx;h++;hm;inl;inc;ipp;xsd</Extensions>
    </Filter>
    <Filter Include="리소스 파일">
      <UniqueIdentifier>{67DA6AB6-F800-4c08-8B7A-83BB121AAD01}</UniqueIdentifier>
      <Extensions>rc;ico;cur;bmp;dlg;rc2;rct;bin;rgs;gif;jpg;jpeg;jpe;resx;tiff;tif;png;wav;mfcribbon-ms</Extensions>
    </Filter>
    <Filter Include="TensorRT">
      <UniqueIdentifier>{a2531506-d01b-4c38-adc6-884f6dce2df8}</UniqueIdentifier>
    </Filter>
  </ItemGroup>
  <ItemGroup>
    <ClInclude Include="FrameGenerator.h">
      <Filter>헤더 파일</Filter>
    </ClInclude>
    <ClInclude Include="FrameGeneratorDlg.h">
      <Filter>헤더 파일</Filter>
    </ClInclude>
    <ClInclude Include="framework.h">
      <Filter>헤더 파일</Filter>
    </ClInclude>
    <ClInclude Include="targetver.h">
      <Filter>헤더 파일</Filter>
    </ClInclude>
    <ClInclude Include="Resource.h">
      <Filter>헤더 파일</Filter>
    </ClInclude>
    <ClInclude Include="pch.h">
      <Filter>헤더 파일</Filter>
    </ClInclude>
    <ClInclude Include="ImgViewStatic.h">
      <Filter>헤더 파일</Filter>
    </ClInclude>
    <ClInclude Include="..\_LIB\TensorRT\samples\common\common.h">
      <Filter>TensorRT</Filter>
    </ClInclude>
    <ClInclude Include="..\_LIB\TensorRT\samples\common\EntropyCalibrator.h">
      <Filter>TensorRT</Filter>
    </ClInclude>
    <ClInclude Include="..\_LIB\TensorRT\samples\common\ErrorRecorder.h">
      <Filter>TensorRT</Filter>
    </ClInclude>
    <ClInclude Include="..\_LIB\TensorRT\samples\common\getOptions.h">
      <Filter>TensorRT</Filter>
    </ClInclude>
    <ClInclude Include="..\_LIB\TensorRT\samples\common\half.h">
      <Filter>TensorRT</Filter>
    </ClInclude>
    <ClInclude Include="..\_LIB\TensorRT\samples\common\logger.h">
      <Filter>TensorRT</Filter>
    </ClInclude>
    <ClInclude Include="..\_LIB\TensorRT\samples\common\logging.h">
      <Filter>TensorRT</Filter>
    </ClInclude>
    <ClInclude Include="..\_LIB\TensorRT\samples\common\parserOnnxConfig.h">
      <Filter>TensorRT</Filter>
    </ClInclude>
    <ClInclude Include="..\_LIB\TensorRT\samples\common\safeCommon.h">
      <Filter>TensorRT</Filter>
    </ClInclude>
    <ClInclude Include="..\_LIB\TensorRT\samples\common\sampleConfig.h">
      <Filter>TensorRT</Filter>
    </ClInclude>
    <ClInclude Include="..\_LIB\TensorRT\samples\common\sampleDevice.h">
      <Filter>TensorRT</Filter>
    </ClInclude>
    <ClInclude Include="..\_LIB\TensorRT\samples\common\sampleEngines.h">
      <Filter>TensorRT</Filter>
    </ClInclude>
    <ClInclude Include="..\_LIB\TensorRT\samples\common\sampleInference.h">
      <Filter>TensorRT</Filter>
    </ClInclude>
    <ClInclude Include="..\_LIB\TensorRT\samples\common\sampleOptions.h">
      <Filter>TensorRT</Filter>
    </ClInclude>
    <ClInclude Include="..\_LIB\TensorRT\samples\common\sampleReporting.h">
      <Filter>TensorRT</Filter>
    </ClInclude>
    <ClInclude Include="..\_LIB\TensorRT\samples\common\sampleUtils.h">
      <Filter>TensorRT</Filter>
    </ClInclude>
    <ClInclude Include="..\_LIB\TensorRT\samples\common\argsParser.h">
      <Filter>TensorRT</Filter>
    </ClInclude>
    <ClInclude Include="..\_LIB\TensorRT\samples\common\BatchStream.h">
      <Filter>TensorRT</Filter>
    </ClInclude>
    <ClInclude Include="..\_LIB\TensorRT\samples\common\buffers.h">
      <Filter>TensorRT</Filter>
    </ClInclude>
    <ClInclude Include="yolov8.h">
      <Filter>헤더 파일</Filter>
    </ClInclude>
    <ClInclude Include="engine.h">
      <Filter>헤더 파일</Filter>
    </ClInclude>
    <ClInclude Include="ImageQueue.h">
      <Filter>헤더 파일</Filter>
    </ClInclude>
  </ItemGroup>
  <ItemGroup>
    <ClCompile Include="FrameGenerator.cpp">
      <Filter>소스 파일</Filter>
    </ClCompile>
    <ClCompile Include="FrameGeneratorDlg.cpp">
      <Filter>소스 파일</Filter>
    </ClCompile>
    <ClCompile Include="pch.cpp">
      <Filter>소스 파일</Filter>
    </ClCompile>
    <ClCompile Include="ImgViewStatic.cpp">
      <Filter>소스 파일</Filter>
    </ClCompile>
    <ClCompile Include="..\_LIB\TensorRT\samples\common\getOptions.cpp">
      <Filter>TensorRT</Filter>
    </ClCompile>
    <ClCompile Include="..\_LIB\TensorRT\samples\common\logger.cpp">
      <Filter>TensorRT</Filter>
    </ClCompile>
    <ClCompile Include="..\_LIB\TensorRT\samples\common\sampleEngines.cpp">
      <Filter>TensorRT</Filter>
    </ClCompile>
    <ClCompile Include="..\_LIB\TensorRT\samples\common\sampleInference.cpp">
      <Filter>TensorRT</Filter>
    </ClCompile>
    <ClCompile Include="..\_LIB\TensorRT\samples\common\sampleOptions.cpp">
      <Filter>TensorRT</Filter>
    </ClCompile>
    <ClCompile Include="..\_LIB\TensorRT\samples\common\sampleReporting.cpp">
      <Filter>TensorRT</Filter>
    </ClCompile>
    <ClCompile Include="..\_LIB\TensorRT\samples\common\sampleUtils.cpp">
      <Filter>TensorRT</Filter>
    </ClCompile>
    <ClCompile Include="yolov8.cpp">
      <Filter>소스 파일</Filter>
    </ClCompile>
    <ClCompile Include="engine.cpp">
      <Filter>소스 파일</Filter>
    </ClCompile>
    <ClCompile Include="ImageQueue.cpp">
      <Filter>소스 파일</Filter>
    </ClCompile>
  </ItemGroup>
  <ItemGroup>
    <ResourceCompile Include="FrameGenerator.rc">
      <Filter>리소스 파일</Filter>
    </ResourceCompile>
  </ItemGroup>
  <ItemGroup>
    <None Include="res\FrameGenerator.rc2">
      <Filter>리소스 파일</Filter>
    </None>
    <None Include="..\_LIB\TensorRT\samples\common\dumpTFWts.py">
      <Filter>TensorRT</Filter>
    </None>
  </ItemGroup>
  <ItemGroup>
    <Image Include="res\FrameGenerator.ico">
      <Filter>리소스 파일</Filter>
    </Image>
  </ItemGroup>
</Project>